
Microsoft Visual Studio Solution File, Format Version 12.00
# Visual Studio Version 17
VisualStudioVersion = 17.7.34024.191
MinimumVisualStudioVersion = 10.0.40219.1
Project("{2150E333-8FDC-42A3-9474-1A3956D46DE8}") = "src", "src", "{46175C85-E5DA-4ADB-9496-57228FCE636D}"
EndProject
Project("{2150E333-8FDC-42A3-9474-1A3956D46DE8}") = "test", "test", "{A8EE6F67-BEDC-4852-8120-CEC14BE5435B}"
EndProject
Project("{2150E333-8FDC-42A3-9474-1A3956D46DE8}") = "Api", "Api", "{BD2E415F-03F2-40BC-A3BA-1B4755C4231D}"
EndProject
Project("{2150E333-8FDC-42A3-9474-1A3956D46DE8}") = "Core", "Core", "{042D95C4-55CF-433B-AF96-31A36861B21E}"
EndProject
Project("{2150E333-8FDC-42A3-9474-1A3956D46DE8}") = "Infrastructure", "Infrastructure", "{BC67D344-3AAC-4372-8C1A-4F23C7329B24}"
EndProject
Project("{2150E333-8FDC-42A3-9474-1A3956D46DE8}") = "UI", "UI", "{1E1911B7-AEBF-4D95-9504-1FCCE5A12F8C}"
EndProject
Project("{9A19103F-16F7-4668-BE54-9A1E7A4F7556}") = "LeaveManagment.Application", "LeaveManagment.Application\LeaveManagment.Application.csproj", "{576D48E0-DFAC-45DF-8D2F-8A3BFBC5969E}"
EndProject
Project("{9A19103F-16F7-4668-BE54-9A1E7A4F7556}") = "LeaveManagment.Domain", "LeaveManagment.Domain\LeaveManagment.Domain.csproj", "{7E51248A-E206-4233-877F-8BFA80948B93}"
EndProject
Project("{9A19103F-16F7-4668-BE54-9A1E7A4F7556}") = "LeaveManagment.Infrastructure", "LeaveManagment.Infrastructure\LeaveManagment.Infrastructure.csproj", "{BDC19C7B-058D-4516-BCAB-C8CC66A124D3}"
EndProject
Project("{9A19103F-16F7-4668-BE54-9A1E7A4F7556}") = "LeaveManagment.Persistence", "LeaveManagment.Persistence\LeaveManagment.Persistence.csproj", "{F9291455-6968-4800-B45A-9AAD9D34A8B6}"
EndProject
Project("{9A19103F-16F7-4668-BE54-9A1E7A4F7556}") = "LeaveManagment.Api", "LeaveManagment.Api\LeaveManagment.Api.csproj", "{8137D15F-2944-47F3-8DC1-3E565C489460}"
EndProject
Project("{9A19103F-16F7-4668-BE54-9A1E7A4F7556}") = "LeaveManagment.Application.UnitTests", "LeaveManagment.Application.UnitTests\LeaveManagment.Application.UnitTests.csproj", "{696CFD19-62C9-4627-B770-3C665D33879A}"
EndProject
Project("{9A19103F-16F7-4668-BE54-9A1E7A4F7556}") = "LeaveManagment.Mvc", "LeaveManagment.Mvc\LeaveManagment.Mvc.csproj", "{0E8D4B72-8A5A-4272-A353-AE509C73522E}"
EndProject
Project("{FAE04EC0-301F-11D3-BF4B-00C04F79EFBC}") = "Infrastructure.Identity", "Infrastructure.Identity\Infrastructure.Identity.csproj", "{E5413C50-AC10-4AC9-B168-C0FADEA6031E}"
EndProject
Global
	GlobalSection(SolutionConfigurationPlatforms) = preSolution
		Debug|Any CPU = Debug|Any CPU
		Release|Any CPU = Release|Any CPU
	EndGlobalSection
	GlobalSection(ProjectConfigurationPlatforms) = postSolution
		{576D48E0-DFAC-45DF-8D2F-8A3BFBC5969E}.Debug|Any CPU.ActiveCfg = Debug|Any CPU
		{576D48E0-DFAC-45DF-8D2F-8A3BFBC5969E}.Debug|Any CPU.Build.0 = Debug|Any CPU
		{576D48E0-DFAC-45DF-8D2F-8A3BFBC5969E}.Release|Any CPU.ActiveCfg = Release|Any CPU
		{576D48E0-DFAC-45DF-8D2F-8A3BFBC5969E}.Release|Any CPU.Build.0 = Release|Any CPU
		{7E51248A-E206-4233-877F-8BFA80948B93}.Debug|Any CPU.ActiveCfg = Debug|Any CPU
		{7E51248A-E206-4233-877F-8BFA80948B93}.Debug|Any CPU.Build.0 = Debug|Any CPU
		{7E51248A-E206-4233-877F-8BFA80948B93}.Release|Any CPU.ActiveCfg = Release|Any CPU
		{7E51248A-E206-4233-877F-8BFA80948B93}.Release|Any CPU.Build.0 = Release|Any CPU
		{BDC19C7B-058D-4516-BCAB-C8CC66A124D3}.Debug|Any CPU.ActiveCfg = Debug|Any CPU
		{BDC19C7B-058D-4516-BCAB-C8CC66A124D3}.Debug|Any CPU.Build.0 = Debug|Any CPU
		{BDC19C7B-058D-4516-BCAB-C8CC66A124D3}.Release|Any CPU.ActiveCfg = Release|Any CPU
		{BDC19C7B-058D-4516-BCAB-C8CC66A124D3}.Release|Any CPU.Build.0 = Release|Any CPU
		{F9291455-6968-4800-B45A-9AAD9D34A8B6}.Debug|Any CPU.ActiveCfg = Debug|Any CPU
		{F9291455-6968-4800-B45A-9AAD9D34A8B6}.Debug|Any CPU.Build.0 = Debug|Any CPU
		{F9291455-6968-4800-B45A-9AAD9D34A8B6}.Release|Any CPU.ActiveCfg = Release|Any CPU
		{F9291455-6968-4800-B45A-9AAD9D34A8B6}.Release|Any CPU.Build.0 = Release|Any CPU
		{8137D15F-2944-47F3-8DC1-3E565C489460}.Debug|Any CPU.ActiveCfg = Debug|Any CPU
		{8137D15F-2944-47F3-8DC1-3E565C489460}.Debug|Any CPU.Build.0 = Debug|Any CPU
		{8137D15F-2944-47F3-8DC1-3E565C489460}.Release|Any CPU.ActiveCfg = Release|Any CPU
		{8137D15F-2944-47F3-8DC1-3E565C489460}.Release|Any CPU.Build.0 = Release|Any CPU
		{696CFD19-62C9-4627-B770-3C665D33879A}.Debug|Any CPU.ActiveCfg = Debug|Any CPU
		{696CFD19-62C9-4627-B770-3C665D33879A}.Debug|Any CPU.Build.0 = Debug|Any CPU
		{696CFD19-62C9-4627-B770-3C665D33879A}.Release|Any CPU.ActiveCfg = Release|Any CPU
		{696CFD19-62C9-4627-B770-3C665D33879A}.Release|Any CPU.Build.0 = Release|Any CPU
		{0E8D4B72-8A5A-4272-A353-AE509C73522E}.Debug|Any CPU.ActiveCfg = Debug|Any CPU
		{0E8D4B72-8A5A-4272-A353-AE509C73522E}.Debug|Any CPU.Build.0 = Debug|Any CPU
		{0E8D4B72-8A5A-4272-A353-AE509C73522E}.Release|Any CPU.ActiveCfg = Release|Any CPU
		{0E8D4B72-8A5A-4272-A353-AE509C73522E}.Release|Any CPU.Build.0 = Release|Any CPU
		{E5413C50-AC10-4AC9-B168-C0FADEA6031E}.Debug|Any CPU.ActiveCfg = Debug|Any CPU
		{E5413C50-AC10-4AC9-B168-C0FADEA6031E}.Debug|Any CPU.Build.0 = Debug|Any CPU
		{E5413C50-AC10-4AC9-B168-C0FADEA6031E}.Release|Any CPU.ActiveCfg = Release|Any CPU
		{E5413C50-AC10-4AC9-B168-C0FADEA6031E}.Release|Any CPU.Build.0 = Release|Any CPU
	EndGlobalSection
	GlobalSection(SolutionProperties) = preSolution
		HideSolutionNode = FALSE
	EndGlobalSection
	GlobalSection(NestedProjects) = preSolution
		{BD2E415F-03F2-40BC-A3BA-1B4755C4231D} = {46175C85-E5DA-4ADB-9496-57228FCE636D}
		{042D95C4-55CF-433B-AF96-31A36861B21E} = {46175C85-E5DA-4ADB-9496-57228FCE636D}
		{BC67D344-3AAC-4372-8C1A-4F23C7329B24} = {46175C85-E5DA-4ADB-9496-57228FCE636D}
		{1E1911B7-AEBF-4D95-9504-1FCCE5A12F8C} = {46175C85-E5DA-4ADB-9496-57228FCE636D}
		{576D48E0-DFAC-45DF-8D2F-8A3BFBC5969E} = {042D95C4-55CF-433B-AF96-31A36861B21E}
		{7E51248A-E206-4233-877F-8BFA80948B93} = {042D95C4-55CF-433B-AF96-31A36861B21E}
		{BDC19C7B-058D-4516-BCAB-C8CC66A124D3} = {BC67D344-3AAC-4372-8C1A-4F23C7329B24}
		{F9291455-6968-4800-B45A-9AAD9D34A8B6} = {BC67D344-3AAC-4372-8C1A-4F23C7329B24}
		{8137D15F-2944-47F3-8DC1-3E565C489460} = {BD2E415F-03F2-40BC-A3BA-1B4755C4231D}
		{696CFD19-62C9-4627-B770-3C665D33879A} = {A8EE6F67-BEDC-4852-8120-CEC14BE5435B}
		{0E8D4B72-8A5A-4272-A353-AE509C73522E} = {1E1911B7-AEBF-4D95-9504-1FCCE5A12F8C}
		{E5413C50-AC10-4AC9-B168-C0FADEA6031E} = {BC67D344-3AAC-4372-8C1A-4F23C7329B24}
	EndGlobalSection
	GlobalSection(ExtensibilityGlobals) = postSolution
		SolutionGuid = {0BB036B7-BE31-4F24-8670-EE0502C0743C}
	EndGlobalSection
EndGlobal
